
Microsoft Visual Studio Solution File, Format Version 12.00
# Visual Studio Version 17
VisualStudioVersion = 17.12.35527.113 d17.12
MinimumVisualStudioVersion = 10.0.40219.1
Project("{8BC9CEB8-8B4A-11D0-8D11-00A0C91BC942}") = "Neet-Code2", "Neet-Code2.vcxproj", "{08D1EA7E-93CC-4172-AB7D-9C3CD2DC5AFA}"
EndProject
Project("{8BC9CEB8-8B4A-11D0-8D11-00A0C91BC942}") = "Neet-Code", "..\Neet-Code\Neet-Code.vcxproj", "{DD2E1007-127C-4C88-87ED-ABF4D137262D}"
EndProject
Global
	GlobalSection(SolutionConfigurationPlatforms) = preSolution
		Debug|x64 = Debug|x64
		Debug|x86 = Debug|x86
		Release|x64 = Release|x64
		Release|x86 = Release|x86
	EndGlobalSection
	GlobalSection(ProjectConfigurationPlatforms) = postSolution
		{08D1EA7E-93CC-4172-AB7D-9C3CD2DC5AFA}.Debug|x64.ActiveCfg = Debug|x64
		{08D1EA7E-93CC-4172-AB7D-9C3CD2DC5AFA}.Debug|x64.Build.0 = Debug|x64
		{08D1EA7E-93CC-4172-AB7D-9C3CD2DC5AFA}.Debug|x86.ActiveCfg = Debug|Win32
		{08D1EA7E-93CC-4172-AB7D-9C3CD2DC5AFA}.Debug|x86.Build.0 = Debug|Win32
		{08D1EA7E-93CC-4172-AB7D-9C3CD2DC5AFA}.Release|x64.ActiveCfg = Release|x64
		{08D1EA7E-93CC-4172-AB7D-9C3CD2DC5AFA}.Release|x64.Build.0 = Release|x64
		{08D1EA7E-93CC-4172-AB7D-9C3CD2DC5AFA}.Release|x86.ActiveCfg = Release|Win32
		{08D1EA7E-93CC-4172-AB7D-9C3CD2DC5AFA}.Release|x86.Build.0 = Release|Win32
		{DD2E1007-127C-4C88-87ED-ABF4D137262D}.Debug|x64.ActiveCfg = Debug|x64
		{DD2E1007-127C-4C88-87ED-ABF4D137262D}.Debug|x64.Build.0 = Debug|x64
		{DD2E1007-127C-4C88-87ED-ABF4D137262D}.Debug|x86.ActiveCfg = Debug|Win32
		{DD2E1007-127C-4C88-87ED-ABF4D137262D}.Debug|x86.Build.0 = Debug|Win32
		{DD2E1007-127C-4C88-87ED-ABF4D137262D}.Release|x64.ActiveCfg = Release|x64
		{DD2E1007-127C-4C88-87ED-ABF4D137262D}.Release|x64.Build.0 = Release|x64
		{DD2E1007-127C-4C88-87ED-ABF4D137262D}.Release|x86.ActiveCfg = Release|Win32
		{DD2E1007-127C-4C88-87ED-ABF4D137262D}.Release|x86.Build.0 = Release|Win32
	EndGlobalSection
	GlobalSection(SolutionProperties) = preSolution
		HideSolutionNode = FALSE
	EndGlobalSection
EndGlobal
